
Microsoft Visual Studio Solution File, Format Version 12.00
# Visual Studio Version 17
VisualStudioVersion = 17.8.34511.84
MinimumVisualStudioVersion = 10.0.40219.1
Project("{9A19103F-16F7-4668-BE54-9A1E7A4F7556}") = "API", "API\API.csproj", "{BB8BDA00-1D1D-42CE-9C3B-B29835D744AF}"
EndProject
Project("{FAE04EC0-301F-11D3-BF4B-00C04F79EFBC}") = "Core", "Core\Core.csproj", "{2E3554A7-A721-4588-9730-FFABD5390765}"
EndProject
Project("{FAE04EC0-301F-11D3-BF4B-00C04F79EFBC}") = "Infrastructure", "Infrastructure\Infrastructure.csproj", "{30FBB19E-A43C-4EA1-AB28-3EC1C318E5CC}"
EndProject
Global
	GlobalSection(SolutionConfigurationPlatforms) = preSolution
		Debug|Any CPU = Debug|Any CPU
		Release|Any CPU = Release|Any CPU
	EndGlobalSection
	GlobalSection(ProjectConfigurationPlatforms) = postSolution
		{BB8BDA00-1D1D-42CE-9C3B-B29835D744AF}.Debug|Any CPU.ActiveCfg = Debug|Any CPU
		{BB8BDA00-1D1D-42CE-9C3B-B29835D744AF}.Debug|Any CPU.Build.0 = Debug|Any CPU
		{BB8BDA00-1D1D-42CE-9C3B-B29835D744AF}.Release|Any CPU.ActiveCfg = Release|Any CPU
		{BB8BDA00-1D1D-42CE-9C3B-B29835D744AF}.Release|Any CPU.Build.0 = Release|Any CPU
		{2E3554A7-A721-4588-9730-FFABD5390765}.Debug|Any CPU.ActiveCfg = Debug|Any CPU
		{2E3554A7-A721-4588-9730-FFABD5390765}.Debug|Any CPU.Build.0 = Debug|Any CPU
		{2E3554A7-A721-4588-9730-FFABD5390765}.Release|Any CPU.ActiveCfg = Release|Any CPU
		{2E3554A7-A721-4588-9730-FFABD5390765}.Release|Any CPU.Build.0 = Release|Any CPU
		{30FBB19E-A43C-4EA1-AB28-3EC1C318E5CC}.Debug|Any CPU.ActiveCfg = Debug|Any CPU
		{30FBB19E-A43C-4EA1-AB28-3EC1C318E5CC}.Debug|Any CPU.Build.0 = Debug|Any CPU
		{30FBB19E-A43C-4EA1-AB28-3EC1C318E5CC}.Release|Any CPU.ActiveCfg = Release|Any CPU
		{30FBB19E-A43C-4EA1-AB28-3EC1C318E5CC}.Release|Any CPU.Build.0 = Release|Any CPU
	EndGlobalSection
	GlobalSection(SolutionProperties) = preSolution
		HideSolutionNode = FALSE
	EndGlobalSection
	GlobalSection(ExtensibilityGlobals) = postSolution
		SolutionGuid = {D42FFFC1-9FEA-4A58-B927-43C9291DC178}
	EndGlobalSection
EndGlobal
